{
  "requires": true,
  "lockfileVersion": 1,
  "dependencies": {
    "arguments-extended": {
      "version": "https://registry.npmjs.org/arguments-extended/-/arguments-extended-0.0.3.tgz",
      "integrity": "sha1-YQfkkX0OtvCk3WYyD8Fa/HLvSUY=",
      "requires": {
        "extended": "https://registry.npmjs.org/extended/-/extended-0.0.6.tgz",
        "is-extended": "https://registry.npmjs.org/is-extended/-/is-extended-0.0.10.tgz"
      }
    },
    "array-extended": {
      "version": "https://registry.npmjs.org/array-extended/-/array-extended-0.0.11.tgz",
      "integrity": "sha1-1xRK50jek8pybxIQCdv/FibRZL0=",
      "requires": {
        "arguments-extended": "https://registry.npmjs.org/arguments-extended/-/arguments-extended-0.0.3.tgz",
        "extended": "https://registry.npmjs.org/extended/-/extended-0.0.6.tgz",
        "is-extended": "https://registry.npmjs.org/is-extended/-/is-extended-0.0.10.tgz"
      }
    },
    "date-extended": {
      "version": "https://registry.npmjs.org/date-extended/-/date-extended-0.0.6.tgz",
      "integrity": "sha1-I4AtV90b94GIE/4MMuhRqG2iZ8k=",
      "requires": {
        "array-extended": "https://registry.npmjs.org/array-extended/-/array-extended-0.0.11.tgz",
        "extended": "https://registry.npmjs.org/extended/-/extended-0.0.6.tgz",
        "is-extended": "https://registry.npmjs.org/is-extended/-/is-extended-0.0.10.tgz"
      }
    },
    "declare.js": {
      "version": "https://registry.npmjs.org/declare.js/-/declare.js-0.0.8.tgz",
      "integrity": "sha1-BHit/5VkwAT1Hfc9i8E0AZ0o3N4="
    },
    "extended": {
      "version": "https://registry.npmjs.org/extended/-/extended-0.0.6.tgz",
      "integrity": "sha1-f7i/e52uOXWG5IVwrP1kLHjlBmk=",
      "requires": {
        "extender": "https://registry.npmjs.org/extender/-/extender-0.0.10.tgz"
      }
    },
    "extender": {
      "version": "https://registry.npmjs.org/extender/-/extender-0.0.10.tgz",
      "integrity": "sha1-WJwHSCvmGhRgttgfnCSqZ+jzJM0=",
      "requires": {
        "declare.js": "https://registry.npmjs.org/declare.js/-/declare.js-0.0.8.tgz"
      }
    },
    "fast-csv": {
      "version": "https://registry.npmjs.org/fast-csv/-/fast-csv-2.4.1.tgz",
      "integrity": "sha1-vX3SaDkfcpNntZRFuN0K0CaIGyY=",
      "requires": {
        "extended": "https://registry.npmjs.org/extended/-/extended-0.0.6.tgz",
        "is-extended": "https://registry.npmjs.org/is-extended/-/is-extended-0.0.10.tgz",
        "object-extended": "https://registry.npmjs.org/object-extended/-/object-extended-0.0.7.tgz",
        "string-extended": "https://registry.npmjs.org/string-extended/-/string-extended-0.0.8.tgz"
      }
    },
    "is-extended": {
      "version": "https://registry.npmjs.org/is-extended/-/is-extended-0.0.10.tgz",
      "integrity": "sha1-JE4UDfdbscmjEG9BL/GC+1NKbWI=",
      "requires": {
        "extended": "https://registry.npmjs.org/extended/-/extended-0.0.6.tgz"
      }
    },
    "object-extended": {
      "version": "https://registry.npmjs.org/object-extended/-/object-extended-0.0.7.tgz",
      "integrity": "sha1-hP0j9WsVWCrrPoiwXLVdJDLWijM=",
      "requires": {
        "array-extended": "https://registry.npmjs.org/array-extended/-/array-extended-0.0.11.tgz",
        "extended": "https://registry.npmjs.org/extended/-/extended-0.0.6.tgz",
        "is-extended": "https://registry.npmjs.org/is-extended/-/is-extended-0.0.10.tgz"
      }
    },
    "string-extended": {
      "version": "https://registry.npmjs.org/string-extended/-/string-extended-0.0.8.tgz",
      "integrity": "sha1-dBlX3/SHsCcqee7FpE8jnubxfM0=",
      "requires": {
        "array-extended": "https://registry.npmjs.org/array-extended/-/array-extended-0.0.11.tgz",
        "date-extended": "https://registry.npmjs.org/date-extended/-/date-extended-0.0.6.tgz",
        "extended": "https://registry.npmjs.org/extended/-/extended-0.0.6.tgz",
        "is-extended": "https://registry.npmjs.org/is-extended/-/is-extended-0.0.10.tgz"
      }
    }
  }
}
